// !$*UTF8*$!
{
	archiveVersion = 1;
	classes = {
	};
	objectVersion = 55;
	objects = {

/* Begin PBXBuildFile section */
		2B049D5F277C1D930039FC59 /* PromoItemView.swift in Sources */ = {isa = PBXBuildFile; fileRef = 2B049D5E277C1D930039FC59 /* PromoItemView.swift */; };
		2B5F8BB6277B6F050078AF2A /* CategoryView.swift in Sources */ = {isa = PBXBuildFile; fileRef = 2B5F8BB5277B6F050078AF2A /* CategoryView.swift */; };
		2B5F8BBC277B8FA50078AF2A /* Category.swift in Sources */ = {isa = PBXBuildFile; fileRef = 2B5F8BBB277B8FA50078AF2A /* Category.swift */; };
		2B5F8BBE277B97610078AF2A /* PromoView.swift in Sources */ = {isa = PBXBuildFile; fileRef = 2B5F8BBD277B97610078AF2A /* PromoView.swift */; };
		2BA97FDA277263700056686E /* MainView.swift in Sources */ = {isa = PBXBuildFile; fileRef = 2BA97FD9277263700056686E /* MainView.swift */; };
		2BA97FDD2772645F0056686E /* PurchasesView.swift in Sources */ = {isa = PBXBuildFile; fileRef = 2BA97FDC2772645F0056686E /* PurchasesView.swift */; };
		2BA97FDF2772646E0056686E /* SearchView.swift in Sources */ = {isa = PBXBuildFile; fileRef = 2BA97FDE2772646E0056686E /* SearchView.swift */; };
		2BA97FE12772647E0056686E /* UserProfileView.swift in Sources */ = {isa = PBXBuildFile; fileRef = 2BA97FE02772647E0056686E /* UserProfileView.swift */; };
		2BC1296B27753E5E004B9A07 /* AddressView.swift in Sources */ = {isa = PBXBuildFile; fileRef = 2BC1296A27753E5E004B9A07 /* AddressView.swift */; };
		2BC1296D27753EA8004B9A07 /* NotificationView.swift in Sources */ = {isa = PBXBuildFile; fileRef = 2BC1296C27753EA8004B9A07 /* NotificationView.swift */; };
		2BC1297027754199004B9A07 /* Color.swift in Sources */ = {isa = PBXBuildFile; fileRef = 2BC1296F27754199004B9A07 /* Color.swift */; };
		2BD073E1277F9968003185C7 /* BlueButtonStyle.swift in Sources */ = {isa = PBXBuildFile; fileRef = 2BD073E0277F9968003185C7 /* BlueButtonStyle.swift */; };
		2BFEFB272776591C006AB0E1 /* Poppins-Regular.ttf in Resources */ = {isa = PBXBuildFile; fileRef = 2BFEFB262776591C006AB0E1 /* Poppins-Regular.ttf */; };
		2BFEFB2A27765AEE006AB0E1 /* Poppins-Medium.ttf in Resources */ = {isa = PBXBuildFile; fileRef = 2BFEFB2927765AEE006AB0E1 /* Poppins-Medium.ttf */; };
		FB421213277D24BD00F7FB7B /* DireccionView.swift in Sources */ = {isa = PBXBuildFile; fileRef = FB421212277D24BC00F7FB7B /* DireccionView.swift */; };
		FB421215277D25EC00F7FB7B /* MenuItemsView.swift in Sources */ = {isa = PBXBuildFile; fileRef = FB421214277D25EC00F7FB7B /* MenuItemsView.swift */; };
		FB8184FD277193BA00559B89 /* DeliveryDeComidaApp.swift in Sources */ = {isa = PBXBuildFile; fileRef = FB8184FC277193BA00559B89 /* DeliveryDeComidaApp.swift */; };
		FB8184FF277193BA00559B89 /* ContentView.swift in Sources */ = {isa = PBXBuildFile; fileRef = FB8184FE277193BA00559B89 /* ContentView.swift */; };
		FB818501277193BF00559B89 /* Assets.xcassets in Resources */ = {isa = PBXBuildFile; fileRef = FB818500277193BF00559B89 /* Assets.xcassets */; };
		FB818504277193BF00559B89 /* Preview Assets.xcassets in Resources */ = {isa = PBXBuildFile; fileRef = FB818503277193BF00559B89 /* Preview Assets.xcassets */; };
		FB818506277193BF00559B89 /* Persistence.swift in Sources */ = {isa = PBXBuildFile; fileRef = FB818505277193BF00559B89 /* Persistence.swift */; };
		FB818509277193BF00559B89 /* DeliveryDeComida.xcdatamodeld in Sources */ = {isa = PBXBuildFile; fileRef = FB818507277193BF00559B89 /* DeliveryDeComida.xcdatamodeld */; };
		FB818513277193BF00559B89 /* DeliveryDeComidaTests.swift in Sources */ = {isa = PBXBuildFile; fileRef = FB818512277193BF00559B89 /* DeliveryDeComidaTests.swift */; };
		FB81851D277193BF00559B89 /* DeliveryDeComidaUITests.swift in Sources */ = {isa = PBXBuildFile; fileRef = FB81851C277193BF00559B89 /* DeliveryDeComidaUITests.swift */; };
		FB81851F277193BF00559B89 /* DeliveryDeComidaUITestsLaunchTests.swift in Sources */ = {isa = PBXBuildFile; fileRef = FB81851E277193BF00559B89 /* DeliveryDeComidaUITestsLaunchTests.swift */; };
		FB81852C2771963000559B89 /* HomeView.swift in Sources */ = {isa = PBXBuildFile; fileRef = FB81852B2771963000559B89 /* HomeView.swift */; };
		FB81852E2771965200559B89 /* CartView.swift in Sources */ = {isa = PBXBuildFile; fileRef = FB81852D2771965200559B89 /* CartView.swift */; };
		FB8185302771967C00559B89 /* StoreView.swift in Sources */ = {isa = PBXBuildFile; fileRef = FB81852F2771967C00559B89 /* StoreView.swift */; };
		FB818532277196A900559B89 /* ConfirmationView.swift in Sources */ = {isa = PBXBuildFile; fileRef = FB818531277196A900559B89 /* ConfirmationView.swift */; };
		FB818534277196E400559B89 /* ThankfulView.swift in Sources */ = {isa = PBXBuildFile; fileRef = FB818533277196E400559B89 /* ThankfulView.swift */; };
		FB8185372774EDAC00559B89 /* FiltrosView.swift in Sources */ = {isa = PBXBuildFile; fileRef = FB8185362774EDAC00559B89 /* FiltrosView.swift */; };
		FB8BC0A7277CFB160009B71C /* ComidaItemsView2.swift in Sources */ = {isa = PBXBuildFile; fileRef = FB8BC0A6277CFB160009B71C /* ComidaItemsView2.swift */; };
		FB95670A277658A4006D0ACA /* ComidaItemsView.swift in Sources */ = {isa = PBXBuildFile; fileRef = FB956709277658A4006D0ACA /* ComidaItemsView.swift */; };
/* End PBXBuildFile section */

/* Begin PBXContainerItemProxy section */
		FB81850F277193BF00559B89 /* PBXContainerItemProxy */ = {
			isa = PBXContainerItemProxy;
			containerPortal = FB8184F1277193B900559B89 /* Project object */;
			proxyType = 1;
			remoteGlobalIDString = FB8184F8277193BA00559B89;
			remoteInfo = DeliveryDeComida;
		};
		FB818519277193BF00559B89 /* PBXContainerItemProxy */ = {
			isa = PBXContainerItemProxy;
			containerPortal = FB8184F1277193B900559B89 /* Project object */;
			proxyType = 1;
			remoteGlobalIDString = FB8184F8277193BA00559B89;
			remoteInfo = DeliveryDeComida;
		};
/* End PBXContainerItemProxy section */

/* Begin PBXFileReference section */
		2B049D5E277C1D930039FC59 /* PromoItemView.swift */ = {isa = PBXFileReference; lastKnownFileType = sourcecode.swift; path = PromoItemView.swift; sourceTree = "<group>"; };
		2B5F8BB5277B6F050078AF2A /* CategoryView.swift */ = {isa = PBXFileReference; lastKnownFileType = sourcecode.swift; path = CategoryView.swift; sourceTree = "<group>"; };
		2B5F8BBB277B8FA50078AF2A /* Category.swift */ = {isa = PBXFileReference; lastKnownFileType = sourcecode.swift; path = Category.swift; sourceTree = "<group>"; };
		2B5F8BBD277B97610078AF2A /* PromoView.swift */ = {isa = PBXFileReference; lastKnownFileType = sourcecode.swift; path = PromoView.swift; sourceTree = "<group>"; };
		2BA97FD9277263700056686E /* MainView.swift */ = {isa = PBXFileReference; lastKnownFileType = sourcecode.swift; path = MainView.swift; sourceTree = "<group>"; };
		2BA97FDC2772645F0056686E /* PurchasesView.swift */ = {isa = PBXFileReference; lastKnownFileType = sourcecode.swift; path = PurchasesView.swift; sourceTree = "<group>"; };
		2BA97FDE2772646E0056686E /* SearchView.swift */ = {isa = PBXFileReference; lastKnownFileType = sourcecode.swift; path = SearchView.swift; sourceTree = "<group>"; };
		2BA97FE02772647E0056686E /* UserProfileView.swift */ = {isa = PBXFileReference; lastKnownFileType = sourcecode.swift; path = UserProfileView.swift; sourceTree = "<group>"; };
		2BC1296A27753E5E004B9A07 /* AddressView.swift */ = {isa = PBXFileReference; lastKnownFileType = sourcecode.swift; path = AddressView.swift; sourceTree = "<group>"; };
		2BC1296C27753EA8004B9A07 /* NotificationView.swift */ = {isa = PBXFileReference; lastKnownFileType = sourcecode.swift; path = NotificationView.swift; sourceTree = "<group>"; };
		2BC1296F27754199004B9A07 /* Color.swift */ = {isa = PBXFileReference; lastKnownFileType = sourcecode.swift; path = Color.swift; sourceTree = "<group>"; };
		2BD073E0277F9968003185C7 /* BlueButtonStyle.swift */ = {isa = PBXFileReference; lastKnownFileType = sourcecode.swift; path = BlueButtonStyle.swift; sourceTree = "<group>"; };
		2BFEFB262776591C006AB0E1 /* Poppins-Regular.ttf */ = {isa = PBXFileReference; lastKnownFileType = file; path = "Poppins-Regular.ttf"; sourceTree = "<group>"; };
		2BFEFB28277659CF006AB0E1 /* Info.plist */ = {isa = PBXFileReference; lastKnownFileType = text.plist; path = Info.plist; sourceTree = "<group>"; };
		2BFEFB2927765AEE006AB0E1 /* Poppins-Medium.ttf */ = {isa = PBXFileReference; lastKnownFileType = file; path = "Poppins-Medium.ttf"; sourceTree = "<group>"; };
		FB421212277D24BC00F7FB7B /* DireccionView.swift */ = {isa = PBXFileReference; lastKnownFileType = sourcecode.swift; path = DireccionView.swift; sourceTree = "<group>"; };
		FB421214277D25EC00F7FB7B /* MenuItemsView.swift */ = {isa = PBXFileReference; lastKnownFileType = sourcecode.swift; path = MenuItemsView.swift; sourceTree = "<group>"; };
		FB8184F9277193BA00559B89 /* DeliveryDeComida.app */ = {isa = PBXFileReference; explicitFileType = wrapper.application; includeInIndex = 0; path = DeliveryDeComida.app; sourceTree = BUILT_PRODUCTS_DIR; };
		FB8184FC277193BA00559B89 /* DeliveryDeComidaApp.swift */ = {isa = PBXFileReference; lastKnownFileType = sourcecode.swift; path = DeliveryDeComidaApp.swift; sourceTree = "<group>"; };
		FB8184FE277193BA00559B89 /* ContentView.swift */ = {isa = PBXFileReference; lastKnownFileType = sourcecode.swift; path = ContentView.swift; sourceTree = "<group>"; };
		FB818500277193BF00559B89 /* Assets.xcassets */ = {isa = PBXFileReference; lastKnownFileType = folder.assetcatalog; path = Assets.xcassets; sourceTree = "<group>"; };
		FB818503277193BF00559B89 /* Preview Assets.xcassets */ = {isa = PBXFileReference; lastKnownFileType = folder.assetcatalog; path = "Preview Assets.xcassets"; sourceTree = "<group>"; };
		FB818505277193BF00559B89 /* Persistence.swift */ = {isa = PBXFileReference; lastKnownFileType = sourcecode.swift; path = Persistence.swift; sourceTree = "<group>"; };
		FB818508277193BF00559B89 /* DeliveryDeComida.xcdatamodel */ = {isa = PBXFileReference; lastKnownFileType = wrapper.xcdatamodel; path = DeliveryDeComida.xcdatamodel; sourceTree = "<group>"; };
		FB81850E277193BF00559B89 /* DeliveryDeComidaTests.xctest */ = {isa = PBXFileReference; explicitFileType = wrapper.cfbundle; includeInIndex = 0; path = DeliveryDeComidaTests.xctest; sourceTree = BUILT_PRODUCTS_DIR; };
		FB818512277193BF00559B89 /* DeliveryDeComidaTests.swift */ = {isa = PBXFileReference; lastKnownFileType = sourcecode.swift; path = DeliveryDeComidaTests.swift; sourceTree = "<group>"; };
		FB818518277193BF00559B89 /* DeliveryDeComidaUITests.xctest */ = {isa = PBXFileReference; explicitFileType = wrapper.cfbundle; includeInIndex = 0; path = DeliveryDeComidaUITests.xctest; sourceTree = BUILT_PRODUCTS_DIR; };
		FB81851C277193BF00559B89 /* DeliveryDeComidaUITests.swift */ = {isa = PBXFileReference; lastKnownFileType = sourcecode.swift; path = DeliveryDeComidaUITests.swift; sourceTree = "<group>"; };
		FB81851E277193BF00559B89 /* DeliveryDeComidaUITestsLaunchTests.swift */ = {isa = PBXFileReference; lastKnownFileType = sourcecode.swift; path = DeliveryDeComidaUITestsLaunchTests.swift; sourceTree = "<group>"; };
		FB81852B2771963000559B89 /* HomeView.swift */ = {isa = PBXFileReference; lastKnownFileType = sourcecode.swift; path = HomeView.swift; sourceTree = "<group>"; };
		FB81852D2771965200559B89 /* CartView.swift */ = {isa = PBXFileReference; lastKnownFileType = sourcecode.swift; path = CartView.swift; sourceTree = "<group>"; };
		FB81852F2771967C00559B89 /* StoreView.swift */ = {isa = PBXFileReference; lastKnownFileType = sourcecode.swift; path = StoreView.swift; sourceTree = "<group>"; };
		FB818531277196A900559B89 /* ConfirmationView.swift */ = {isa = PBXFileReference; lastKnownFileType = sourcecode.swift; path = ConfirmationView.swift; sourceTree = "<group>"; };
		FB818533277196E400559B89 /* ThankfulView.swift */ = {isa = PBXFileReference; lastKnownFileType = sourcecode.swift; path = ThankfulView.swift; sourceTree = "<group>"; };
		FB8185362774EDAC00559B89 /* FiltrosView.swift */ = {isa = PBXFileReference; lastKnownFileType = sourcecode.swift; path = FiltrosView.swift; sourceTree = "<group>"; };
		FB8BC0A6277CFB160009B71C /* ComidaItemsView2.swift */ = {isa = PBXFileReference; lastKnownFileType = sourcecode.swift; path = ComidaItemsView2.swift; sourceTree = "<group>"; };
		FB956709277658A4006D0ACA /* ComidaItemsView.swift */ = {isa = PBXFileReference; lastKnownFileType = sourcecode.swift; path = ComidaItemsView.swift; sourceTree = "<group>"; };
/* End PBXFileReference section */

/* Begin PBXFrameworksBuildPhase section */
		FB8184F6277193BA00559B89 /* Frameworks */ = {
			isa = PBXFrameworksBuildPhase;
			buildActionMask = 2147483647;
			files = (
			);
			runOnlyForDeploymentPostprocessing = 0;
		};
		FB81850B277193BF00559B89 /* Frameworks */ = {
			isa = PBXFrameworksBuildPhase;
			buildActionMask = 2147483647;
			files = (
			);
			runOnlyForDeploymentPostprocessing = 0;
		};
		FB818515277193BF00559B89 /* Frameworks */ = {
			isa = PBXFrameworksBuildPhase;
			buildActionMask = 2147483647;
			files = (
			);
			runOnlyForDeploymentPostprocessing = 0;
		};
/* End PBXFrameworksBuildPhase section */

/* Begin PBXGroup section */
		2B5F8BB4277B6EEF0078AF2A /* Presentation */ = {
			isa = PBXGroup;
			children = (
				2BC1296C27753EA8004B9A07 /* NotificationView.swift */,
				2BC1296A27753E5E004B9A07 /* AddressView.swift */,
				2B5F8BB5277B6F050078AF2A /* CategoryView.swift */,
				2B5F8BBD277B97610078AF2A /* PromoView.swift */,
				2B049D5E277C1D930039FC59 /* PromoItemView.swift */,
			);
			path = Presentation;
			sourceTree = "<group>";
		};
		2B5F8BBA277B8F900078AF2A /* Domain */ = {
			isa = PBXGroup;
			children = (
				2B5F8BBB277B8FA50078AF2A /* Category.swift */,
			);
			path = Domain;
			sourceTree = "<group>";
		};
		2BA97FDB2772644D0056686E /* Main */ = {
			isa = PBXGroup;
			children = (
				2BA97FDC2772645F0056686E /* PurchasesView.swift */,
				2BA97FDE2772646E0056686E /* SearchView.swift */,
				2BA97FE02772647E0056686E /* UserProfileView.swift */,
			);
			path = Main;
			sourceTree = "<group>";
		};
		2BC1296927753DC9004B9A07 /* Home */ = {
			isa = PBXGroup;
			children = (
				2B5F8BBA277B8F900078AF2A /* Domain */,
				2B5F8BB4277B6EEF0078AF2A /* Presentation */,
				FB81852B2771963000559B89 /* HomeView.swift */,
			);
			path = Home;
			sourceTree = "<group>";
		};
		2BC1296E2775417C004B9A07 /* Extensions */ = {
			isa = PBXGroup;
			children = (
				2BC1296F27754199004B9A07 /* Color.swift */,
			);
			path = Extensions;
			sourceTree = "<group>";
		};
		2BD073DF277F9957003185C7 /* Styles */ = {
			isa = PBXGroup;
			children = (
				2BD073E0277F9968003185C7 /* BlueButtonStyle.swift */,
			);
			path = Styles;
			sourceTree = "<group>";
		};
		FB8184F0277193B900559B89 = {
			isa = PBXGroup;
			children = (
				FB8184FB277193BA00559B89 /* DeliveryDeComida */,
				FB818511277193BF00559B89 /* DeliveryDeComidaTests */,
				FB81851B277193BF00559B89 /* DeliveryDeComidaUITests */,
				FB8184FA277193BA00559B89 /* Products */,
			);
			sourceTree = "<group>";
		};
		FB8184FA277193BA00559B89 /* Products */ = {
			isa = PBXGroup;
			children = (
				FB8184F9277193BA00559B89 /* DeliveryDeComida.app */,
				FB81850E277193BF00559B89 /* DeliveryDeComidaTests.xctest */,
				FB818518277193BF00559B89 /* DeliveryDeComidaUITests.xctest */,
			);
			name = Products;
			sourceTree = "<group>";
		};
		FB8184FB277193BA00559B89 /* DeliveryDeComida */ = {
			isa = PBXGroup;
			children = (
				FBBF211A2783AA400008359C /* Confimation */,
				FBBF21192783AA230008359C /* ThankfuI */,
				FBBF21182783A9FA0008359C /* Cart */,
				FBBF21172783A6BC0008359C /* Store */,
				2BD073DF277F9957003185C7 /* Styles */,
				2BFEFB28277659CF006AB0E1 /* Info.plist */,
				2BFEFB262776591C006AB0E1 /* Poppins-Regular.ttf */,
				2BFEFB2927765AEE006AB0E1 /* Poppins-Medium.ttf */,
				2BC1296E2775417C004B9A07 /* Extensions */,
				FB818500277193BF00559B89 /* Assets.xcassets */,
				2BC1296927753DC9004B9A07 /* Home */,
				2BA97FDB2772644D0056686E /* Main */,
				FB8184FC277193BA00559B89 /* DeliveryDeComidaApp.swift */,
				FB8184FE277193BA00559B89 /* ContentView.swift */,
				FB818505277193BF00559B89 /* Persistence.swift */,
				FB818507277193BF00559B89 /* DeliveryDeComida.xcdatamodeld */,
				2BA97FD9277263700056686E /* MainView.swift */,
				FB818502277193BF00559B89 /* Preview Content */,
			);
			path = DeliveryDeComida;
			sourceTree = "<group>";
		};
		FB818502277193BF00559B89 /* Preview Content */ = {
			isa = PBXGroup;
			children = (
				FB818503277193BF00559B89 /* Preview Assets.xcassets */,
			);
			path = "Preview Content";
			sourceTree = "<group>";
		};
		FB818511277193BF00559B89 /* DeliveryDeComidaTests */ = {
			isa = PBXGroup;
			children = (
				FB818512277193BF00559B89 /* DeliveryDeComidaTests.swift */,
			);
			path = DeliveryDeComidaTests;
			sourceTree = "<group>";
		};
		FB81851B277193BF00559B89 /* DeliveryDeComidaUITests */ = {
			isa = PBXGroup;
			children = (
				FB81851C277193BF00559B89 /* DeliveryDeComidaUITests.swift */,
				FB81851E277193BF00559B89 /* DeliveryDeComidaUITestsLaunchTests.swift */,
			);
			path = DeliveryDeComidaUITests;
			sourceTree = "<group>";
		};
		FB8185352774ED8400559B89 /* ComunCartView */ = {
			isa = PBXGroup;
			children = (
				FB8185362774EDAC00559B89 /* FiltrosView.swift */,
				FB956709277658A4006D0ACA /* ComidaItemsView.swift */,
			);
			path = ComunCartView;
			sourceTree = "<group>";
		};
		FB8BC0A5277CFAD50009B71C /* Comun2 */ = {
			isa = PBXGroup;
			children = (
				FB8BC0A6277CFB160009B71C /* ComidaItemsView2.swift */,
				FB421212277D24BC00F7FB7B /* DireccionView.swift */,
				FB421214277D25EC00F7FB7B /* MenuItemsView.swift */,
			);
			path = Comun2;
			sourceTree = "<group>";
		};
		FBBF21172783A6BC0008359C /* Store */ = {
			isa = PBXGroup;
			children = (
				FB81852F2771967C00559B89 /* StoreView.swift */,
				FB8BC0A5277CFAD50009B71C /* Comun2 */,
			);
			path = Store;
			sourceTree = "<group>";
		};
		FBBF21182783A9FA0008359C /* Cart */ = {
			isa = PBXGroup;
			children = (
				FB81852D2771965200559B89 /* CartView.swift */,
				FB8185352774ED8400559B89 /* ComunCartView */,
			);
			path = Cart;
			sourceTree = "<group>";
		};
		FBBF21192783AA230008359C /* ThankfuI */ = {
			isa = PBXGroup;
			children = (
				FB818533277196E400559B89 /* ThankfulView.swift */,
			);
			path = ThankfuI;
			sourceTree = "<group>";
		};
		FBBF211A2783AA400008359C /* Confimation */ = {
			isa = PBXGroup;
			children = (
				FB818531277196A900559B89 /* ConfirmationView.swift */,
			);
			path = Confimation;
			sourceTree = "<group>";
		};
/* End PBXGroup section */

/* Begin PBXNativeTarget section */
		FB8184F8277193BA00559B89 /* DeliveryDeComida */ = {
			isa = PBXNativeTarget;
			buildConfigurationList = FB818522277193C000559B89 /* Build configuration list for PBXNativeTarget "DeliveryDeComida" */;
			buildPhases = (
				FB8184F5277193BA00559B89 /* Sources */,
				FB8184F6277193BA00559B89 /* Frameworks */,
				FB8184F7277193BA00559B89 /* Resources */,
			);
			buildRules = (
			);
			dependencies = (
			);
			name = DeliveryDeComida;
			productName = DeliveryDeComida;
			productReference = FB8184F9277193BA00559B89 /* DeliveryDeComida.app */;
			productType = "com.apple.product-type.application";
		};
		FB81850D277193BF00559B89 /* DeliveryDeComidaTests */ = {
			isa = PBXNativeTarget;
			buildConfigurationList = FB818525277193C000559B89 /* Build configuration list for PBXNativeTarget "DeliveryDeComidaTests" */;
			buildPhases = (
				FB81850A277193BF00559B89 /* Sources */,
				FB81850B277193BF00559B89 /* Frameworks */,
				FB81850C277193BF00559B89 /* Resources */,
			);
			buildRules = (
			);
			dependencies = (
				FB818510277193BF00559B89 /* PBXTargetDependency */,
			);
			name = DeliveryDeComidaTests;
			productName = DeliveryDeComidaTests;
			productReference = FB81850E277193BF00559B89 /* DeliveryDeComidaTests.xctest */;
			productType = "com.apple.product-type.bundle.unit-test";
		};
		FB818517277193BF00559B89 /* DeliveryDeComidaUITests */ = {
			isa = PBXNativeTarget;
			buildConfigurationList = FB818528277193C000559B89 /* Build configuration list for PBXNativeTarget "DeliveryDeComidaUITests" */;
			buildPhases = (
				FB818514277193BF00559B89 /* Sources */,
				FB818515277193BF00559B89 /* Frameworks */,
				FB818516277193BF00559B89 /* Resources */,
			);
			buildRules = (
			);
			dependencies = (
				FB81851A277193BF00559B89 /* PBXTargetDependency */,
			);
			name = DeliveryDeComidaUITests;
			productName = DeliveryDeComidaUITests;
			productReference = FB818518277193BF00559B89 /* DeliveryDeComidaUITests.xctest */;
			productType = "com.apple.product-type.bundle.ui-testing";
		};
/* End PBXNativeTarget section */

/* Begin PBXProject section */
		FB8184F1277193B900559B89 /* Project object */ = {
			isa = PBXProject;
			attributes = {
				BuildIndependentTargetsInParallel = 1;
				LastSwiftUpdateCheck = 1310;
				LastUpgradeCheck = 1310;
				TargetAttributes = {
					FB8184F8277193BA00559B89 = {
						CreatedOnToolsVersion = 13.1;
					};
					FB81850D277193BF00559B89 = {
						CreatedOnToolsVersion = 13.1;
						TestTargetID = FB8184F8277193BA00559B89;
					};
					FB818517277193BF00559B89 = {
						CreatedOnToolsVersion = 13.1;
						TestTargetID = FB8184F8277193BA00559B89;
					};
				};
			};
			buildConfigurationList = FB8184F4277193B900559B89 /* Build configuration list for PBXProject "DeliveryDeComida" */;
			compatibilityVersion = "Xcode 13.0";
			developmentRegion = en;
			hasScannedForEncodings = 0;
			knownRegions = (
				en,
				Base,
			);
			mainGroup = FB8184F0277193B900559B89;
			productRefGroup = FB8184FA277193BA00559B89 /* Products */;
			projectDirPath = "";
			projectRoot = "";
			targets = (
				FB8184F8277193BA00559B89 /* DeliveryDeComida */,
				FB81850D277193BF00559B89 /* DeliveryDeComidaTests */,
				FB818517277193BF00559B89 /* DeliveryDeComidaUITests */,
			);
		};
/* End PBXProject section */

/* Begin PBXResourcesBuildPhase section */
		FB8184F7277193BA00559B89 /* Resources */ = {
			isa = PBXResourcesBuildPhase;
			buildActionMask = 2147483647;
			files = (
				2BFEFB272776591C006AB0E1 /* Poppins-Regular.ttf in Resources */,
				2BFEFB2A27765AEE006AB0E1 /* Poppins-Medium.ttf in Resources */,
				FB818504277193BF00559B89 /* Preview Assets.xcassets in Resources */,
				FB818501277193BF00559B89 /* Assets.xcassets in Resources */,
			);
			runOnlyForDeploymentPostprocessing = 0;
		};
		FB81850C277193BF00559B89 /* Resources */ = {
			isa = PBXResourcesBuildPhase;
			buildActionMask = 2147483647;
			files = (
			);
			runOnlyForDeploymentPostprocessing = 0;
		};
		FB818516277193BF00559B89 /* Resources */ = {
			isa = PBXResourcesBuildPhase;
			buildActionMask = 2147483647;
			files = (
			);
			runOnlyForDeploymentPostprocessing = 0;
		};
/* End PBXResourcesBuildPhase section */

/* Begin PBXSourcesBuildPhase section */
		FB8184F5277193BA00559B89 /* Sources */ = {
			isa = PBXSourcesBuildPhase;
			buildActionMask = 2147483647;
			files = (
				FB95670A277658A4006D0ACA /* ComidaItemsView.swift in Sources */,
				FB81852E2771965200559B89 /* CartView.swift in Sources */,
				2B049D5F277C1D930039FC59 /* PromoItemView.swift in Sources */,
				2B5F8BBC277B8FA50078AF2A /* Category.swift in Sources */,
				2B5F8BB6277B6F050078AF2A /* CategoryView.swift in Sources */,
				FB818506277193BF00559B89 /* Persistence.swift in Sources */,
				FB8184FF277193BA00559B89 /* ContentView.swift in Sources */,
				2B5F8BBE277B97610078AF2A /* PromoView.swift in Sources */,
				FB421215277D25EC00F7FB7B /* MenuItemsView.swift in Sources */,
				2BA97FDA277263700056686E /* MainView.swift in Sources */,
				2BA97FDF2772646E0056686E /* SearchView.swift in Sources */,
				2BC1297027754199004B9A07 /* Color.swift in Sources */,
				2BA97FE12772647E0056686E /* UserProfileView.swift in Sources */,
				FB818534277196E400559B89 /* ThankfulView.swift in Sources */,
				2BC1296B27753E5E004B9A07 /* AddressView.swift in Sources */,
				FB8184FD277193BA00559B89 /* DeliveryDeComidaApp.swift in Sources */,
				FB81852C2771963000559B89 /* HomeView.swift in Sources */,
				FB818532277196A900559B89 /* ConfirmationView.swift in Sources */,
				2BD073E1277F9968003185C7 /* BlueButtonStyle.swift in Sources */,
				FB421213277D24BD00F7FB7B /* DireccionView.swift in Sources */,
				FB8185302771967C00559B89 /* StoreView.swift in Sources */,
				FB8185372774EDAC00559B89 /* FiltrosView.swift in Sources */,
				FB8BC0A7277CFB160009B71C /* ComidaItemsView2.swift in Sources */,
				FB818509277193BF00559B89 /* DeliveryDeComida.xcdatamodeld in Sources */,
				2BA97FDD2772645F0056686E /* PurchasesView.swift in Sources */,
				2BC1296D27753EA8004B9A07 /* NotificationView.swift in Sources */,
			);
			runOnlyForDeploymentPostprocessing = 0;
		};
		FB81850A277193BF00559B89 /* Sources */ = {
			isa = PBXSourcesBuildPhase;
			buildActionMask = 2147483647;
			files = (
				FB818513277193BF00559B89 /* DeliveryDeComidaTests.swift in Sources */,
			);
			runOnlyForDeploymentPostprocessing = 0;
		};
		FB818514277193BF00559B89 /* Sources */ = {
			isa = PBXSourcesBuildPhase;
			buildActionMask = 2147483647;
			files = (
				FB81851F277193BF00559B89 /* DeliveryDeComidaUITestsLaunchTests.swift in Sources */,
				FB81851D277193BF00559B89 /* DeliveryDeComidaUITests.swift in Sources */,
			);
			runOnlyForDeploymentPostprocessing = 0;
		};
/* End PBXSourcesBuildPhase section */

/* Begin PBXTargetDependency section */
		FB818510277193BF00559B89 /* PBXTargetDependency */ = {
			isa = PBXTargetDependency;
			target = FB8184F8277193BA00559B89 /* DeliveryDeComida */;
			targetProxy = FB81850F277193BF00559B89 /* PBXContainerItemProxy */;
		};
		FB81851A277193BF00559B89 /* PBXTargetDependency */ = {
			isa = PBXTargetDependency;
			target = FB8184F8277193BA00559B89 /* DeliveryDeComida */;
			targetProxy = FB818519277193BF00559B89 /* PBXContainerItemProxy */;
		};
/* End PBXTargetDependency section */

/* Begin XCBuildConfiguration section */
		FB818520277193BF00559B89 /* Debug */ = {
			isa = XCBuildConfiguration;
			buildSettings = {
				ALWAYS_SEARCH_USER_PATHS = NO;
				CLANG_ANALYZER_NONNULL = YES;
				CLANG_ANALYZER_NUMBER_OBJECT_CONVERSION = YES_AGGRESSIVE;
				CLANG_CXX_LANGUAGE_STANDARD = "gnu++17";
				CLANG_CXX_LIBRARY = "libc++";
				CLANG_ENABLE_MODULES = YES;
				CLANG_ENABLE_OBJC_ARC = YES;
				CLANG_ENABLE_OBJC_WEAK = YES;
				CLANG_WARN_BLOCK_CAPTURE_AUTORELEASING = YES;
				CLANG_WARN_BOOL_CONVERSION = YES;
				CLANG_WARN_COMMA = YES;
				CLANG_WARN_CONSTANT_CONVERSION = YES;
				CLANG_WARN_DEPRECATED_OBJC_IMPLEMENTATIONS = YES;
				CLANG_WARN_DIRECT_OBJC_ISA_USAGE = YES_ERROR;
				CLANG_WARN_DOCUMENTATION_COMMENTS = YES;
				CLANG_WARN_EMPTY_BODY = YES;
				CLANG_WARN_ENUM_CONVERSION = YES;
				CLANG_WARN_INFINITE_RECURSION = YES;
				CLANG_WARN_INT_CONVERSION = YES;
				CLANG_WARN_NON_LITERAL_NULL_CONVERSION = YES;
				CLANG_WARN_OBJC_IMPLICIT_RETAIN_SELF = YES;
				CLANG_WARN_OBJC_LITERAL_CONVERSION = YES;
				CLANG_WARN_OBJC_ROOT_CLASS = YES_ERROR;
				CLANG_WARN_QUOTED_INCLUDE_IN_FRAMEWORK_HEADER = YES;
				CLANG_WARN_RANGE_LOOP_ANALYSIS = YES;
				CLANG_WARN_STRICT_PROTOTYPES = YES;
				CLANG_WARN_SUSPICIOUS_MOVE = YES;
				CLANG_WARN_UNGUARDED_AVAILABILITY = YES_AGGRESSIVE;
				CLANG_WARN_UNREACHABLE_CODE = YES;
				CLANG_WARN__DUPLICATE_METHOD_MATCH = YES;
				COPY_PHASE_STRIP = NO;
				DEBUG_INFORMATION_FORMAT = dwarf;
				ENABLE_STRICT_OBJC_MSGSEND = YES;
				ENABLE_TESTABILITY = YES;
				GCC_C_LANGUAGE_STANDARD = gnu11;
				GCC_DYNAMIC_NO_PIC = NO;
				GCC_NO_COMMON_BLOCKS = YES;
				GCC_OPTIMIZATION_LEVEL = 0;
				GCC_PREPROCESSOR_DEFINITIONS = (
					"DEBUG=1",
					"$(inherited)",
				);
				GCC_WARN_64_TO_32_BIT_CONVERSION = YES;
				GCC_WARN_ABOUT_RETURN_TYPE = YES_ERROR;
				GCC_WARN_UNDECLARED_SELECTOR = YES;
				GCC_WARN_UNINITIALIZED_AUTOS = YES_AGGRESSIVE;
				GCC_WARN_UNUSED_FUNCTION = YES;
				GCC_WARN_UNUSED_VARIABLE = YES;
				IPHONEOS_DEPLOYMENT_TARGET = 15.0;
				MTL_ENABLE_DEBUG_INFO = INCLUDE_SOURCE;
				MTL_FAST_MATH = YES;
				ONLY_ACTIVE_ARCH = YES;
				SDKROOT = iphoneos;
				SWIFT_ACTIVE_COMPILATION_CONDITIONS = DEBUG;
				SWIFT_OPTIMIZATION_LEVEL = "-Onone";
			};
			name = Debug;
		};
		FB818521277193BF00559B89 /* Release */ = {
			isa = XCBuildConfiguration;
			buildSettings = {
				ALWAYS_SEARCH_USER_PATHS = NO;
				CLANG_ANALYZER_NONNULL = YES;
				CLANG_ANALYZER_NUMBER_OBJECT_CONVERSION = YES_AGGRESSIVE;
				CLANG_CXX_LANGUAGE_STANDARD = "gnu++17";
				CLANG_CXX_LIBRARY = "libc++";
				CLANG_ENABLE_MODULES = YES;
				CLANG_ENABLE_OBJC_ARC = YES;
				CLANG_ENABLE_OBJC_WEAK = YES;
				CLANG_WARN_BLOCK_CAPTURE_AUTORELEASING = YES;
				CLANG_WARN_BOOL_CONVERSION = YES;
				CLANG_WARN_COMMA = YES;
				CLANG_WARN_CONSTANT_CONVERSION = YES;
				CLANG_WARN_DEPRECATED_OBJC_IMPLEMENTATIONS = YES;
				CLANG_WARN_DIRECT_OBJC_ISA_USAGE = YES_ERROR;
				CLANG_WARN_DOCUMENTATION_COMMENTS = YES;
				CLANG_WARN_EMPTY_BODY = YES;
				CLANG_WARN_ENUM_CONVERSION = YES;
				CLANG_WARN_INFINITE_RECURSION = YES;
				CLANG_WARN_INT_CONVERSION = YES;
				CLANG_WARN_NON_LITERAL_NULL_CONVERSION = YES;
				CLANG_WARN_OBJC_IMPLICIT_RETAIN_SELF = YES;
				CLANG_WARN_OBJC_LITERAL_CONVERSION = YES;
				CLANG_WARN_OBJC_ROOT_CLASS = YES_ERROR;
				CLANG_WARN_QUOTED_INCLUDE_IN_FRAMEWORK_HEADER = YES;
				CLANG_WARN_RANGE_LOOP_ANALYSIS = YES;
				CLANG_WARN_STRICT_PROTOTYPES = YES;
				CLANG_WARN_SUSPICIOUS_MOVE = YES;
				CLANG_WARN_UNGUARDED_AVAILABILITY = YES_AGGRESSIVE;
				CLANG_WARN_UNREACHABLE_CODE = YES;
				CLANG_WARN__DUPLICATE_METHOD_MATCH = YES;
				COPY_PHASE_STRIP = NO;
				DEBUG_INFORMATION_FORMAT = "dwarf-with-dsym";
				ENABLE_NS_ASSERTIONS = NO;
				ENABLE_STRICT_OBJC_MSGSEND = YES;
				GCC_C_LANGUAGE_STANDARD = gnu11;
				GCC_NO_COMMON_BLOCKS = YES;
				GCC_WARN_64_TO_32_BIT_CONVERSION = YES;
				GCC_WARN_ABOUT_RETURN_TYPE = YES_ERROR;
				GCC_WARN_UNDECLARED_SELECTOR = YES;
				GCC_WARN_UNINITIALIZED_AUTOS = YES_AGGRESSIVE;
				GCC_WARN_UNUSED_FUNCTION = YES;
				GCC_WARN_UNUSED_VARIABLE = YES;
				IPHONEOS_DEPLOYMENT_TARGET = 15.0;
				MTL_ENABLE_DEBUG_INFO = NO;
				MTL_FAST_MATH = YES;
				SDKROOT = iphoneos;
				SWIFT_COMPILATION_MODE = wholemodule;
				SWIFT_OPTIMIZATION_LEVEL = "-O";
				VALIDATE_PRODUCT = YES;
			};
			name = Release;
		};
		FB818523277193C000559B89 /* Debug */ = {
			isa = XCBuildConfiguration;
			buildSettings = {
				ASSETCATALOG_COMPILER_APPICON_NAME = AppIcon;
				ASSETCATALOG_COMPILER_GLOBAL_ACCENT_COLOR_NAME = AccentColor;
				CODE_SIGN_STYLE = Automatic;
				CURRENT_PROJECT_VERSION = 1;
				DEVELOPMENT_ASSET_PATHS = "\"DeliveryDeComida/Preview Content\"";
				DEVELOPMENT_TEAM = H9JXH336V5;
				ENABLE_PREVIEWS = YES;
				GENERATE_INFOPLIST_FILE = YES;
				INFOPLIST_FILE = DeliveryDeComida/Info.plist;
				INFOPLIST_KEY_UIApplicationSceneManifest_Generation = YES;
				INFOPLIST_KEY_UIApplicationSupportsIndirectInputEvents = YES;
				INFOPLIST_KEY_UILaunchScreen_Generation = YES;
				INFOPLIST_KEY_UISupportedInterfaceOrientations_iPad = "UIInterfaceOrientationPortrait UIInterfaceOrientationPortraitUpsideDown UIInterfaceOrientationLandscapeLeft UIInterfaceOrientationLandscapeRight";
				INFOPLIST_KEY_UISupportedInterfaceOrientations_iPhone = "UIInterfaceOrientationPortrait UIInterfaceOrientationLandscapeLeft UIInterfaceOrientationLandscapeRight";
				LD_RUNPATH_SEARCH_PATHS = (
					"$(inherited)",
					"@executable_path/Frameworks",
				);
				MARKETING_VERSION = 1.0;
				PRODUCT_BUNDLE_IDENTIFIER = com.ronaldodev.DeliveryDeComida;
				PRODUCT_NAME = "$(TARGET_NAME)";
				SWIFT_EMIT_LOC_STRINGS = YES;
				SWIFT_VERSION = 5.0;
				TARGETED_DEVICE_FAMILY = "1,2";
			};
			name = Debug;
		};
		FB818524277193C000559B89 /* Release */ = {
			isa = XCBuildConfiguration;
			buildSettings = {
				ASSETCATALOG_COMPILER_APPICON_NAME = AppIcon;
				ASSETCATALOG_COMPILER_GLOBAL_ACCENT_COLOR_NAME = AccentColor;
				CODE_SIGN_STYLE = Automatic;
				CURRENT_PROJECT_VERSION = 1;
				DEVELOPMENT_ASSET_PATHS = "\"DeliveryDeComida/Preview Content\"";
				DEVELOPMENT_TEAM = H9JXH336V5;
				ENABLE_PREVIEWS = YES;
				GENERATE_INFOPLIST_FILE = YES;
				INFOPLIST_FILE = DeliveryDeComida/Info.plist;
				INFOPLIST_KEY_UIApplicationSceneManifest_Generation = YES;
				INFOPLIST_KEY_UIApplicationSupportsIndirectInputEvents = YES;
				INFOPLIST_KEY_UILaunchScreen_Generation = YES;
				INFOPLIST_KEY_UISupportedInterfaceOrientations_iPad = "UIInterfaceOrientationPortrait UIInterfaceOrientationPortraitUpsideDown UIInterfaceOrientationLandscapeLeft UIInterfaceOrientationLandscapeRight";
				INFOPLIST_KEY_UISupportedInterfaceOrientations_iPhone = "UIInterfaceOrientationPortrait UIInterfaceOrientationLandscapeLeft UIInterfaceOrientationLandscapeRight";
				LD_RUNPATH_SEARCH_PATHS = (
					"$(inherited)",
					"@executable_path/Frameworks",
				);
				MARKETING_VERSION = 1.0;
				PRODUCT_BUNDLE_IDENTIFIER = com.ronaldodev.DeliveryDeComida;
				PRODUCT_NAME = "$(TARGET_NAME)";
				SWIFT_EMIT_LOC_STRINGS = YES;
				SWIFT_VERSION = 5.0;
				TARGETED_DEVICE_FAMILY = "1,2";
			};
			name = Release;
		};
		FB818526277193C000559B89 /* Debug */ = {
			isa = XCBuildConfiguration;
			buildSettings = {
				ALWAYS_EMBED_SWIFT_STANDARD_LIBRARIES = YES;
				BUNDLE_LOADER = "$(TEST_HOST)";
				CODE_SIGN_STYLE = Automatic;
				CURRENT_PROJECT_VERSION = 1;
				DEVELOPMENT_TEAM = H9JXH336V5;
				GENERATE_INFOPLIST_FILE = YES;
				IPHONEOS_DEPLOYMENT_TARGET = 15.0;
				LD_RUNPATH_SEARCH_PATHS = (
					"$(inherited)",
					"@executable_path/Frameworks",
					"@loader_path/Frameworks",
				);
				MARKETING_VERSION = 1.0;
				PRODUCT_BUNDLE_IDENTIFIER = com.ronaldodev.DeliveryDeComidaTests;
				PRODUCT_NAME = "$(TARGET_NAME)";
				SWIFT_EMIT_LOC_STRINGS = NO;
				SWIFT_VERSION = 5.0;
				TARGETED_DEVICE_FAMILY = "1,2";
				TEST_HOST = "$(BUILT_PRODUCTS_DIR)/DeliveryDeComida.app/DeliveryDeComida";
			};
			name = Debug;
		};
		FB818527277193C000559B89 /* Release */ = {
			isa = XCBuildConfiguration;
			buildSettings = {
				ALWAYS_EMBED_SWIFT_STANDARD_LIBRARIES = YES;
				BUNDLE_LOADER = "$(TEST_HOST)";
				CODE_SIGN_STYLE = Automatic;
				CURRENT_PROJECT_VERSION = 1;
				DEVELOPMENT_TEAM = H9JXH336V5;
				GENERATE_INFOPLIST_FILE = YES;
				IPHONEOS_DEPLOYMENT_TARGET = 15.0;
				LD_RUNPATH_SEARCH_PATHS = (
					"$(inherited)",
					"@executable_path/Frameworks",
					"@loader_path/Frameworks",
				);
				MARKETING_VERSION = 1.0;
				PRODUCT_BUNDLE_IDENTIFIER = com.ronaldodev.DeliveryDeComidaTests;
				PRODUCT_NAME = "$(TARGET_NAME)";
				SWIFT_EMIT_LOC_STRINGS = NO;
				SWIFT_VERSION = 5.0;
				TARGETED_DEVICE_FAMILY = "1,2";
				TEST_HOST = "$(BUILT_PRODUCTS_DIR)/DeliveryDeComida.app/DeliveryDeComida";
			};
			name = Release;
		};
		FB818529277193C000559B89 /* Debug */ = {
			isa = XCBuildConfiguration;
			buildSettings = {
				ALWAYS_EMBED_SWIFT_STANDARD_LIBRARIES = YES;
				CODE_SIGN_STYLE = Automatic;
				CURRENT_PROJECT_VERSION = 1;
				DEVELOPMENT_TEAM = H9JXH336V5;
				GENERATE_INFOPLIST_FILE = YES;
				LD_RUNPATH_SEARCH_PATHS = (
					"$(inherited)",
					"@executable_path/Frameworks",
					"@loader_path/Frameworks",
				);
				MARKETING_VERSION = 1.0;
				PRODUCT_BUNDLE_IDENTIFIER = com.ronaldodev.DeliveryDeComidaUITests;
				PRODUCT_NAME = "$(TARGET_NAME)";
				SWIFT_EMIT_LOC_STRINGS = NO;
				SWIFT_VERSION = 5.0;
				TARGETED_DEVICE_FAMILY = "1,2";
				TEST_TARGET_NAME = DeliveryDeComida;
			};
			name = Debug;
		};
		FB81852A277193C000559B89 /* Release */ = {
			isa = XCBuildConfiguration;
			buildSettings = {
				ALWAYS_EMBED_SWIFT_STANDARD_LIBRARIES = YES;
				CODE_SIGN_STYLE = Automatic;
				CURRENT_PROJECT_VERSION = 1;
				DEVELOPMENT_TEAM = H9JXH336V5;
				GENERATE_INFOPLIST_FILE = YES;
				LD_RUNPATH_SEARCH_PATHS = (
					"$(inherited)",
					"@executable_path/Frameworks",
					"@loader_path/Frameworks",
				);
				MARKETING_VERSION = 1.0;
				PRODUCT_BUNDLE_IDENTIFIER = com.ronaldodev.DeliveryDeComidaUITests;
				PRODUCT_NAME = "$(TARGET_NAME)";
				SWIFT_EMIT_LOC_STRINGS = NO;
				SWIFT_VERSION = 5.0;
				TARGETED_DEVICE_FAMILY = "1,2";
				TEST_TARGET_NAME = DeliveryDeComida;
			};
			name = Release;
		};
/* End XCBuildConfiguration section */

/* Begin XCConfigurationList section */
		FB8184F4277193B900559B89 /* Build configuration list for PBXProject "DeliveryDeComida" */ = {
			isa = XCConfigurationList;
			buildConfigurations = (
				FB818520277193BF00559B89 /* Debug */,
				FB818521277193BF00559B89 /* Release */,
			);
			defaultConfigurationIsVisible = 0;
			defaultConfigurationName = Release;
		};
		FB818522277193C000559B89 /* Build configuration list for PBXNativeTarget "DeliveryDeComida" */ = {
			isa = XCConfigurationList;
			buildConfigurations = (
				FB818523277193C000559B89 /* Debug */,
				FB818524277193C000559B89 /* Release */,
			);
			defaultConfigurationIsVisible = 0;
			defaultConfigurationName = Release;
		};
		FB818525277193C000559B89 /* Build configuration list for PBXNativeTarget "DeliveryDeComidaTests" */ = {
			isa = XCConfigurationList;
			buildConfigurations = (
				FB818526277193C000559B89 /* Debug */,
				FB818527277193C000559B89 /* Release */,
			);
			defaultConfigurationIsVisible = 0;
			defaultConfigurationName = Release;
		};
		FB818528277193C000559B89 /* Build configuration list for PBXNativeTarget "DeliveryDeComidaUITests" */ = {
			isa = XCConfigurationList;
			buildConfigurations = (
				FB818529277193C000559B89 /* Debug */,
				FB81852A277193C000559B89 /* Release */,
			);
			defaultConfigurationIsVisible = 0;
			defaultConfigurationName = Release;
		};
/* End XCConfigurationList section */

/* Begin XCVersionGroup section */
		FB818507277193BF00559B89 /* DeliveryDeComida.xcdatamodeld */ = {
			isa = XCVersionGroup;
			children = (
				FB818508277193BF00559B89 /* DeliveryDeComida.xcdatamodel */,
			);
			currentVersion = FB818508277193BF00559B89 /* DeliveryDeComida.xcdatamodel */;
			path = DeliveryDeComida.xcdatamodeld;
			sourceTree = "<group>";
			versionGroupType = wrapper.xcdatamodel;
		};
/* End XCVersionGroup section */
	};
	rootObject = FB8184F1277193B900559B89 /* Project object */;
}
